
Microsoft Visual Studio Solution File, Format Version 12.00
# Visual Studio Version 17
VisualStudioVersion = 17.3.32901.215
MinimumVisualStudioVersion = 10.0.40219.1
Project("{FAE04EC0-301F-11D3-BF4B-00C04F79EFBC}") = "WebApp", "WebApp\WebApp.csproj", "{A05DB3A7-4285-46D6-A802-964D2811D659}"
EndProject
Project("{FAE04EC0-301F-11D3-BF4B-00C04F79EFBC}") = "WebAppTest", "WebAppTest\WebAppTest.csproj", "{6C2A7EBE-B5A3-4E18-B514-FDD5917CF6D3}"
EndProject
Global
	GlobalSection(SolutionConfigurationPlatforms) = preSolution
		Debug|Any CPU = Debug|Any CPU
		Release|Any CPU = Release|Any CPU
	EndGlobalSection
	GlobalSection(ProjectConfigurationPlatforms) = postSolution
		{A05DB3A7-4285-46D6-A802-964D2811D659}.Debug|Any CPU.ActiveCfg = Debug|Any CPU
		{A05DB3A7-4285-46D6-A802-964D2811D659}.Debug|Any CPU.Build.0 = Debug|Any CPU
		{A05DB3A7-4285-46D6-A802-964D2811D659}.Release|Any CPU.ActiveCfg = Release|Any CPU
		{A05DB3A7-4285-46D6-A802-964D2811D659}.Release|Any CPU.Build.0 = Release|Any CPU
		{6C2A7EBE-B5A3-4E18-B514-FDD5917CF6D3}.Debug|Any CPU.ActiveCfg = Debug|Any CPU
		{6C2A7EBE-B5A3-4E18-B514-FDD5917CF6D3}.Debug|Any CPU.Build.0 = Debug|Any CPU
		{6C2A7EBE-B5A3-4E18-B514-FDD5917CF6D3}.Release|Any CPU.ActiveCfg = Release|Any CPU
		{6C2A7EBE-B5A3-4E18-B514-FDD5917CF6D3}.Release|Any CPU.Build.0 = Release|Any CPU
	EndGlobalSection
	GlobalSection(SolutionProperties) = preSolution
		HideSolutionNode = FALSE
	EndGlobalSection
	GlobalSection(ExtensibilityGlobals) = postSolution
		SolutionGuid = {BAC85A6F-27C1-47A0-A31F-EC963FCD8054}
	EndGlobalSection
EndGlobal
